
Microsoft Visual Studio Solution File, Format Version 12.00
# Visual Studio Version 17
VisualStudioVersion = 17.4.33122.133
MinimumVisualStudioVersion = 10.0.40219.1
Project("{888888A0-9F3D-457C-B088-3A5042F75D52}") = "Index", "Index.pyproj", "{8A75D0E8-F923-4861-85BC-2B563D1C9886}"
EndProject
Global
	GlobalSection(SolutionConfigurationPlatforms) = preSolution
		Debug|Any CPU = Debug|Any CPU
		Release|Any CPU = Release|Any CPU
	EndGlobalSection
	GlobalSection(ProjectConfigurationPlatforms) = postSolution
		{8A75D0E8-F923-4861-85BC-2B563D1C9886}.Debug|Any CPU.ActiveCfg = Debug|Any CPU
		{8A75D0E8-F923-4861-85BC-2B563D1C9886}.Release|Any CPU.ActiveCfg = Release|Any CPU
	EndGlobalSection
	GlobalSection(SolutionProperties) = preSolution
		HideSolutionNode = FALSE
	EndGlobalSection
	GlobalSection(ExtensibilityGlobals) = postSolution
		SolutionGuid = {473F6D9B-823A-4B9B-98B3-F46D26422951}
	EndGlobalSection
EndGlobal
